<?xml version="1.0" encoding="utf-8"?>
<Project ToolsVersion="4.0" xmlns="http://schemas.microsoft.com/developer/msbuild/2003">
  <ItemGroup>
    <ClCompile Include="test.cpp" />
    <ClCompile Include="pch.cpp" />
    <ClCompile Include="..\base\process\memory_unittest.cc">
      <Filter>base\process</Filter>
    </ClCompile>
    <ClCompile Include="..\base\strings\string16_unittest.cc">
      <Filter>base\strings</Filter>
    </ClCompile>
    <ClCompile Include="..\base\strings\nullable_string16_unittest.cc">
      <Filter>base\strings</Filter>
    </ClCompile>
    <ClCompile Include="..\base\strings\pattern_unittest.cc">
      <Filter>base\strings</Filter>
    </ClCompile>
    <ClCompile Include="..\base\strings\safe_sprintf_unittest.cc">
      <Filter>base\strings</Filter>
    </ClCompile>
    <ClCompile Include="..\base\threading\simple_thread_unittest.cc">
      <Filter>base\threading</Filter>
    </ClCompile>
    <ClCompile Include="..\base\threading\thread_id_name_manager_unittest.cc">
      <Filter>base\threading</Filter>
    </ClCompile>
    <ClCompile Include="..\base\at_exit_unittest.cc">
      <Filter>base</Filter>
    </ClCompile>
    <ClCompile Include="..\base\threading\non_thread_safe_unittest.cc">
      <Filter>base\threading</Filter>
    </ClCompile>
    <ClCompile Include="..\base\threading\thread_unittest.cc">
      <Filter>base\threading</Filter>
    </ClCompile>
    <ClCompile Include="..\base\task\cancelable_task_tracker_unittest.cc">
      <Filter>base\task</Filter>
    </ClCompile>
  </ItemGroup>
  <ItemGroup>
    <ClInclude Include="pch.h" />
  </ItemGroup>
  <ItemGroup>
    <Filter Include="base">
      <UniqueIdentifier>{467d5cf4-53f6-422d-8aa5-9d05d1c35728}</UniqueIdentifier>
    </Filter>
    <Filter Include="base\process">
      <UniqueIdentifier>{bf77446e-7bd1-4738-ad67-3e33f32ae4f4}</UniqueIdentifier>
    </Filter>
    <Filter Include="base\strings">
      <UniqueIdentifier>{c0204be6-9d50-4557-82fb-78bcf4bfbe42}</UniqueIdentifier>
    </Filter>
    <Filter Include="base\threading">
      <UniqueIdentifier>{2ee97502-11f7-41e0-92c6-735fa8ada842}</UniqueIdentifier>
    </Filter>
    <Filter Include="base\message_loop">
      <UniqueIdentifier>{b18d8d68-9712-4679-9971-ba3163e8534c}</UniqueIdentifier>
    </Filter>
    <Filter Include="base\task">
      <UniqueIdentifier>{c6de756d-c3df-4b8c-9f76-2ea184ffcc8c}</UniqueIdentifier>
    </Filter>
  </ItemGroup>
  <ItemGroup>
    <None Include="packages.config" />
  </ItemGroup>
</Project>