<?xml version="1.0" encoding="utf-8"?>
<Project ToolsVersion="4.0" xmlns="http://schemas.microsoft.com/developer/msbuild/2003">
  <ItemGroup>
    <ClCompile Include="test.cpp" />
    <ClCompile Include="pch.cpp" />
    <ClCompile Include="..\base\process\memory_unittest.cc">
      <Filter>base\process</Filter>
    </ClCompile>
    <ClCompile Include="..\base\strings\string16_unittest.cc">
      <Filter>base\strings</Filter>
    </ClCompile>
    <ClCompile Include="..\base\strings\nullable_string16_unittest.cc">
      <Filter>base\strings</Filter>
    </ClCompile>
    <ClCompile Include="..\base\strings\pattern_unittest.cc">
      <Filter>base\strings</Filter>
    </ClCompile>
    <ClCompile Include="..\base\threading\simple_thread_unittest.cc">
      <Filter>base\threading</Filter>
    </ClCompile>
    <ClCompile Include="..\base\threading\thread_id_name_manager_unittest.cc">
      <Filter>base\threading</Filter>
    </ClCompile>
    <ClCompile Include="..\base\at_exit_unittest.cc">
      <Filter>base</Filter>
    </ClCompile>
    <ClCompile Include="..\base\threading\non_thread_safe_unittest.cc">
      <Filter>base\threading</Filter>
    </ClCompile>
    <ClCompile Include="..\base\threading\thread_unittest.cc">
      <Filter>base\threading</Filter>
    </ClCompile>
    <ClCompile Include="..\base\task_scheduler\scheduler_worker_thread_unittest.cc">
      <Filter>base\task_scheduler</Filter>
    </ClCompile>
    <ClCompile Include="..\base\threading\platform_thread_unittest.cc">
      <Filter>base\threading</Filter>
    </ClCompile>
    <ClCompile Include="..\base\message_loop\message_loop_unittest.cc">
      <Filter>base\message_loop</Filter>
    </ClCompile>
    <ClCompile Include="..\base\test\test_pending_task.cc">
      <Filter>base\test</Filter>
    </ClCompile>
    <ClCompile Include="..\base\test\test_simple_task_runner.cc">
      <Filter>base\test</Filter>
    </ClCompile>
    <ClCompile Include="..\base\win\wrapped_window_proc_unittest.cc">
      <Filter>base\win</Filter>
    </ClCompile>
    <ClCompile Include="..\base\win\message_window_unittest.cc">
      <Filter>base\win</Filter>
    </ClCompile>
    <ClCompile Include="..\base\message_loop\message_loop_task_runner_unittest.cc">
      <Filter>base\message_loop</Filter>
    </ClCompile>
    <ClCompile Include="..\base\message_loop\message_loop_test.cc">
      <Filter>base\message_loop</Filter>
    </ClCompile>
    <ClCompile Include="..\base\memory\ref_counted_memory_unittest.cc">
      <Filter>base\memory</Filter>
    </ClCompile>
    <ClCompile Include="..\base\test\opaque_ref_counted.cc">
      <Filter>base\test</Filter>
    </ClCompile>
    <ClCompile Include="..\base\memory\ref_counted_unittest.cc">
      <Filter>base\memory</Filter>
    </ClCompile>
    <ClCompile Include="..\base\memory\weak_ptr_unittest.cc">
      <Filter>base\memory</Filter>
    </ClCompile>
    <ClCompile Include="..\base\base64_unittest.cc">
      <Filter>base</Filter>
    </ClCompile>
    <ClCompile Include="..\base\base64url_unittest.cc">
      <Filter>base</Filter>
    </ClCompile>
    <ClCompile Include="..\base\cpu_unittest.cc">
      <Filter>base</Filter>
    </ClCompile>
  </ItemGroup>
  <ItemGroup>
    <ClInclude Include="pch.h" />
    <ClInclude Include="..\base\test\test_pending_task.h">
      <Filter>base\test</Filter>
    </ClInclude>
    <ClInclude Include="..\base\test\test_simple_task_runner.h">
      <Filter>base\test</Filter>
    </ClInclude>
    <ClInclude Include="..\base\message_loop\message_loop_test.h">
      <Filter>base\message_loop</Filter>
    </ClInclude>
    <ClInclude Include="..\base\test\opaque_ref_counted.h">
      <Filter>base\test</Filter>
    </ClInclude>
  </ItemGroup>
  <ItemGroup>
    <Filter Include="base">
      <UniqueIdentifier>{467d5cf4-53f6-422d-8aa5-9d05d1c35728}</UniqueIdentifier>
    </Filter>
    <Filter Include="base\process">
      <UniqueIdentifier>{bf77446e-7bd1-4738-ad67-3e33f32ae4f4}</UniqueIdentifier>
    </Filter>
    <Filter Include="base\strings">
      <UniqueIdentifier>{c0204be6-9d50-4557-82fb-78bcf4bfbe42}</UniqueIdentifier>
    </Filter>
    <Filter Include="base\threading">
      <UniqueIdentifier>{2ee97502-11f7-41e0-92c6-735fa8ada842}</UniqueIdentifier>
    </Filter>
    <Filter Include="base\message_loop">
      <UniqueIdentifier>{b18d8d68-9712-4679-9971-ba3163e8534c}</UniqueIdentifier>
    </Filter>
    <Filter Include="base\task">
      <UniqueIdentifier>{c6de756d-c3df-4b8c-9f76-2ea184ffcc8c}</UniqueIdentifier>
    </Filter>
    <Filter Include="base\task_scheduler">
      <UniqueIdentifier>{376c1bb3-ae2c-4a52-bfde-ffca1c99246a}</UniqueIdentifier>
    </Filter>
    <Filter Include="base\test">
      <UniqueIdentifier>{1c060fc5-7023-44a9-81cc-34941891fd25}</UniqueIdentifier>
    </Filter>
    <Filter Include="base\win">
      <UniqueIdentifier>{ff81ce59-876e-421f-a08d-29957f4fad4c}</UniqueIdentifier>
    </Filter>
    <Filter Include="base\memory">
      <UniqueIdentifier>{d92c1b7f-dce9-41bd-9fe9-ebd01cdfd59a}</UniqueIdentifier>
    </Filter>
  </ItemGroup>
  <ItemGroup>
    <None Include="packages.config" />
  </ItemGroup>
</Project>